<?xml version="1.0" encoding="UTF-8"?>
<!DOCTYPE plist PUBLIC "-//Apple//DTD PLIST 1.0//EN" "http://www.apple.com/DTDs/PropertyList-1.0.dtd">
<plist version="1.0">
<dict>
	<key>archiveVersion</key>
	<string>1</string>
	<key>classes</key>
	<dict/>
	<key>objectVersion</key>
	<string>46</string>
	<key>objects</key>
	<dict>
		<key>0B0488D15CD84AD9A6725998</key>
		<dict>
			<key>fileRef</key>
			<string>531AC8ED97FA4908BEE3425D</string>
			<key>isa</key>
			<string>PBXBuildFile</string>
		</dict>
		<key>1D90A3F25646BFD7D5F6CB98</key>
		<dict>
			<key>includeInIndex</key>
			<string>1</string>
			<key>isa</key>
			<string>PBXFileReference</string>
			<key>lastKnownFileType</key>
			<string>text.xcconfig</string>
			<key>name</key>
			<string>Pods-WebpayTests.release.xcconfig</string>
			<key>path</key>
			<string>Pods/Target Support Files/Pods-WebpayTests/Pods-WebpayTests.release.xcconfig</string>
			<key>sourceTree</key>
			<string>&lt;group&gt;</string>
		</dict>
		<key>1F7D735451D84B4A93C98DA3</key>
		<dict>
			<key>explicitFileType</key>
			<string>archive.ar</string>
			<key>includeInIndex</key>
			<string>0</string>
			<key>isa</key>
			<string>PBXFileReference</string>
			<key>path</key>
			<string>libPods-Webpay.a</string>
			<key>sourceTree</key>
			<string>BUILT_PRODUCTS_DIR</string>
		</dict>
		<key>3383F909EB2247B58C699EAB</key>
		<dict>
			<key>buildActionMask</key>
			<string>2147483647</string>
			<key>files</key>
			<array/>
			<key>inputPaths</key>
			<array/>
			<key>isa</key>
			<string>PBXShellScriptBuildPhase</string>
			<key>name</key>
			<string>Copy Pods Resources</string>
			<key>outputPaths</key>
			<array/>
			<key>runOnlyForDeploymentPostprocessing</key>
			<string>0</string>
			<key>shellPath</key>
			<string>/bin/sh</string>
			<key>shellScript</key>
			<string>"${SRCROOT}/Pods/Target Support Files/Pods-WebpayTests/Pods-WebpayTests-resources.sh"
</string>
			<key>showEnvVarsInLog</key>
			<string>0</string>
		</dict>
		<key>33F4F13EA496961705191BED</key>
		<dict>
			<key>includeInIndex</key>
			<string>1</string>
			<key>isa</key>
			<string>PBXFileReference</string>
			<key>lastKnownFileType</key>
			<string>text.xcconfig</string>
			<key>name</key>
			<string>Pods-WebpayTests.debug.xcconfig</string>
			<key>path</key>
			<string>Pods/Target Support Files/Pods-WebpayTests/Pods-WebpayTests.debug.xcconfig</string>
			<key>sourceTree</key>
			<string>&lt;group&gt;</string>
		</dict>
		<key>4703D6D81925C78500A7805F</key>
		<dict>
			<key>isa</key>
			<string>PBXFileReference</string>
			<key>lastKnownFileType</key>
			<string>wrapper.plug-in</string>
			<key>name</key>
			<string>WebPay.bundle</string>
			<key>path</key>
			<string>Webpay/Resources/WebPay.bundle</string>
			<key>sourceTree</key>
			<string>&lt;group&gt;</string>
		</dict>
		<key>4703D6D91925C78500A7805F</key>
		<dict>
			<key>fileRef</key>
			<string>4703D6D81925C78500A7805F</string>
			<key>isa</key>
			<string>PBXBuildFile</string>
		</dict>
		<key>4703D6DA1925C8A200A7805F</key>
		<dict>
			<key>fileEncoding</key>
			<string>4</string>
			<key>isa</key>
			<string>PBXFileReference</string>
			<key>lastKnownFileType</key>
			<string>sourcecode.c.h</string>
			<key>name</key>
			<string>WPYBundleManager.h</string>
			<key>path</key>
			<string>Webpay/WPYBundleManager.h</string>
			<key>sourceTree</key>
			<string>&lt;group&gt;</string>
		</dict>
		<key>4703D6DB1925C8A200A7805F</key>
		<dict>
			<key>fileEncoding</key>
			<string>4</string>
			<key>isa</key>
			<string>PBXFileReference</string>
			<key>lastKnownFileType</key>
			<string>sourcecode.c.objc</string>
			<key>name</key>
			<string>WPYBundleManager.m</string>
			<key>path</key>
			<string>Webpay/WPYBundleManager.m</string>
			<key>sourceTree</key>
			<string>&lt;group&gt;</string>
		</dict>
		<key>4703D6DC1925C8A200A7805F</key>
		<dict>
			<key>fileRef</key>
			<string>4703D6DB1925C8A200A7805F</string>
			<key>isa</key>
			<string>PBXBuildFile</string>
		</dict>
		<key>470AEB3A1901CDF900017A5C</key>
		<dict>
			<key>children</key>
			<array>
				<string>4795D4DC18F913F20050542E</string>
				<string>47E75372192739E700FEBD47</string>
				<string>4795D4DD18F913F20050542E</string>
			</array>
			<key>isa</key>
			<string>PBXGroup</string>
			<key>name</key>
			<string>PaymentViewController</string>
			<key>sourceTree</key>
			<string>&lt;group&gt;</string>
		</dict>
		<key>4714C80F18FD0D92000AC2A1</key>
		<dict>
			<key>fileEncoding</key>
			<string>4</string>
			<key>isa</key>
			<string>PBXFileReference</string>
			<key>lastKnownFileType</key>
			<string>sourcecode.c.h</string>
			<key>name</key>
			<string>WPYExpiryPickerView.h</string>
			<key>path</key>
			<string>Webpay/CardForm/Field/ExpiryPicker/WPYExpiryPickerView.h</string>
			<key>sourceTree</key>
			<string>&lt;group&gt;</string>
		</dict>
		<key>4714C81018FD0D92000AC2A1</key>
		<dict>
			<key>fileEncoding</key>
			<string>4</string>
			<key>isa</key>
			<string>PBXFileReference</string>
			<key>lastKnownFileType</key>
			<string>sourcecode.c.objc</string>
			<key>name</key>
			<string>WPYExpiryPickerView.m</string>
			<key>path</key>
			<string>Webpay/CardForm/Field/ExpiryPicker/WPYExpiryPickerView.m</string>
			<key>sourceTree</key>
			<string>&lt;group&gt;</string>
		</dict>
		<key>4714C81118FD0D92000AC2A1</key>
		<dict>
			<key>fileRef</key>
			<string>4714C81018FD0D92000AC2A1</string>
			<key>isa</key>
			<string>PBXBuildFile</string>
		</dict>
		<key>4717DAE919B660140042A5FF</key>
		<dict>
			<key>fileEncoding</key>
			<string>4</string>
			<key>isa</key>
			<string>PBXFileReference</string>
			<key>lastKnownFileType</key>
			<string>sourcecode.c.objc</string>
			<key>name</key>
			<string>WPYSupportedCardBrandsFetchTest.m</string>
			<key>path</key>
			<string>WebpayTests/WPYSupportedCardBrandsFetchTest.m</string>
			<key>sourceTree</key>
			<string>SOURCE_ROOT</string>
		</dict>
		<key>4717DAEA19B660140042A5FF</key>
		<dict>
			<key>fileRef</key>
			<string>4717DAE919B660140042A5FF</string>
			<key>isa</key>
			<string>PBXBuildFile</string>
		</dict>
		<key>4719922F18F20A8100E845BF</key>
		<dict>
			<key>fileEncoding</key>
			<string>4</string>
			<key>isa</key>
			<string>PBXFileReference</string>
			<key>lastKnownFileType</key>
			<string>sourcecode.c.objc</string>
			<key>name</key>
			<string>WPYTokenCreationTest.m</string>
			<key>path</key>
			<string>WebpayTests/WPYTokenCreationTest.m</string>
			<key>sourceTree</key>
			<string>SOURCE_ROOT</string>
		</dict>
		<key>4719923018F20A8100E845BF</key>
		<dict>
			<key>fileRef</key>
			<string>4719922F18F20A8100E845BF</string>
			<key>isa</key>
			<string>PBXBuildFile</string>
		</dict>
		<key>472526A01917385F008FC227</key>
		<dict>
			<key>fileEncoding</key>
			<string>4</string>
			<key>isa</key>
			<string>PBXFileReference</string>
			<key>lastKnownFileType</key>
			<string>sourcecode.c.h</string>
			<key>name</key>
			<string>WPYNumberFieldModel.h</string>
			<key>path</key>
			<string>Webpay/CardForm/Field/WPYNumberFieldModel.h</string>
			<key>sourceTree</key>
			<string>&lt;group&gt;</string>
		</dict>
		<key>472526A11917385F008FC227</key>
		<dict>
			<key>fileEncoding</key>
			<string>4</string>
			<key>isa</key>
			<string>PBXFileReference</string>
			<key>lastKnownFileType</key>
			<string>sourcecode.c.objc</string>
			<key>name</key>
			<string>WPYNumberFieldModel.m</string>
			<key>path</key>
			<string>Webpay/CardForm/Field/WPYNumberFieldModel.m</string>
			<key>sourceTree</key>
			<string>&lt;group&gt;</string>
		</dict>
		<key>472526A21917385F008FC227</key>
		<dict>
			<key>fileRef</key>
			<string>472526A11917385F008FC227</string>
			<key>isa</key>
			<string>PBXBuildFile</string>
		</dict>
		<key>472526A3191741FA008FC227</key>
		<dict>
			<key>fileEncoding</key>
			<string>4</string>
			<key>isa</key>
			<string>PBXFileReference</string>
			<key>lastKnownFileType</key>
			<string>sourcecode.c.objc</string>
			<key>name</key>
			<string>WPYNumberFieldModelTest.m</string>
			<key>path</key>
			<string>WebpayTests/WPYNumberFieldModelTest.m</string>
			<key>sourceTree</key>
			<string>SOURCE_ROOT</string>
		</dict>
		<key>472526A4191741FA008FC227</key>
		<dict>
			<key>fileRef</key>
			<string>472526A3191741FA008FC227</string>
			<key>isa</key>
			<string>PBXBuildFile</string>
		</dict>
		<key>47253575191C4E73001D2EBC</key>
		<dict>
			<key>fileEncoding</key>
			<string>4</string>
			<key>isa</key>
			<string>PBXFileReference</string>
			<key>lastKnownFileType</key>
			<string>sourcecode.c.h</string>
			<key>name</key>
			<string>WPYCvcExplanationView.h</string>
			<key>path</key>
			<string>Webpay/CardForm/Field/WPYCvcExplanationView.h</string>
			<key>sourceTree</key>
			<string>&lt;group&gt;</string>
		</dict>
		<key>47253576191C4E73001D2EBC</key>
		<dict>
			<key>fileEncoding</key>
			<string>4</string>
			<key>isa</key>
			<string>PBXFileReference</string>
			<key>lastKnownFileType</key>
			<string>sourcecode.c.objc</string>
			<key>name</key>
			<string>WPYCvcExplanationView.m</string>
			<key>path</key>
			<string>Webpay/CardForm/Field/WPYCvcExplanationView.m</string>
			<key>sourceTree</key>
			<string>&lt;group&gt;</string>
		</dict>
		<key>47253577191C4E73001D2EBC</key>
		<dict>
			<key>fileRef</key>
			<string>47253576191C4E73001D2EBC</string>
			<key>isa</key>
			<string>PBXBuildFile</string>
		</dict>
		<key>4727391318D8FE8B0003D759</key>
		<dict>
			<key>fileEncoding</key>
			<string>4</string>
			<key>isa</key>
			<string>PBXFileReference</string>
			<key>lastKnownFileType</key>
			<string>sourcecode.c.h</string>
			<key>name</key>
			<string>WPYErrors.h</string>
			<key>path</key>
			<string>Webpay/WPYErrors.h</string>
			<key>sourceTree</key>
			<string>&lt;group&gt;</string>
		</dict>
		<key>4727391418D8FE8B0003D759</key>
		<dict>
			<key>fileEncoding</key>
			<string>4</string>
			<key>isa</key>
			<string>PBXFileReference</string>
			<key>lastKnownFileType</key>
			<string>sourcecode.c.objc</string>
			<key>name</key>
			<string>WPYErrors.m</string>
			<key>path</key>
			<string>Webpay/WPYErrors.m</string>
			<key>sourceTree</key>
			<string>&lt;group&gt;</string>
		</dict>
		<key>4727391518D8FE8B0003D759</key>
		<dict>
			<key>fileRef</key>
			<string>4727391418D8FE8B0003D759</string>
			<key>isa</key>
			<string>PBXBuildFile</string>
		</dict>
		<key>4727391618D8FE8B0003D759</key>
		<dict>
			<key>fileRef</key>
			<string>4727391418D8FE8B0003D759</string>
			<key>isa</key>
			<string>PBXBuildFile</string>
		</dict>
		<key>4729BF0F18F12240009A1C65</key>
		<dict>
			<key>fileEncoding</key>
			<string>4</string>
			<key>isa</key>
			<string>PBXFileReference</string>
			<key>lastKnownFileType</key>
			<string>sourcecode.c.h</string>
			<key>name</key>
			<string>WPYErrorBuilder.h</string>
			<key>path</key>
			<string>Webpay/Tokenizer/WPYErrorBuilder.h</string>
			<key>sourceTree</key>
			<string>&lt;group&gt;</string>
		</dict>
		<key>4729BF1018F12240009A1C65</key>
		<dict>
			<key>fileEncoding</key>
			<string>4</string>
			<key>isa</key>
			<string>PBXFileReference</string>
			<key>lastKnownFileType</key>
			<string>sourcecode.c.objc</string>
			<key>name</key>
			<string>WPYErrorBuilder.m</string>
			<key>path</key>
			<string>Webpay/Tokenizer/WPYErrorBuilder.m</string>
			<key>sourceTree</key>
			<string>&lt;group&gt;</string>
		</dict>
		<key>4729BF1118F12240009A1C65</key>
		<dict>
			<key>fileRef</key>
			<string>4729BF1018F12240009A1C65</string>
			<key>isa</key>
			<string>PBXBuildFile</string>
		</dict>
		<key>4729BF1218F12240009A1C65</key>
		<dict>
			<key>fileRef</key>
			<string>4729BF1018F12240009A1C65</string>
			<key>isa</key>
			<string>PBXBuildFile</string>
		</dict>
		<key>4729BF1318F122BE009A1C65</key>
		<dict>
			<key>fileEncoding</key>
			<string>4</string>
			<key>isa</key>
			<string>PBXFileReference</string>
			<key>lastKnownFileType</key>
			<string>sourcecode.c.objc</string>
			<key>name</key>
			<string>WPYErrorBuilderTest.m</string>
			<key>path</key>
			<string>WebpayTests/WPYErrorBuilderTest.m</string>
			<key>sourceTree</key>
			<string>SOURCE_ROOT</string>
		</dict>
		<key>4729BF1418F122BE009A1C65</key>
		<dict>
			<key>fileRef</key>
			<string>4729BF1318F122BE009A1C65</string>
			<key>isa</key>
			<string>PBXBuildFile</string>
		</dict>
		<key>47362A001918896100ED7692</key>
		<dict>
			<key>fileEncoding</key>
			<string>4</string>
			<key>isa</key>
			<string>PBXFileReference</string>
			<key>lastKnownFileType</key>
			<string>sourcecode.c.h</string>
			<key>name</key>
			<string>WPYNameFieldModel.h</string>
			<key>path</key>
			<string>Webpay/CardForm/Field/WPYNameFieldModel.h</string>
			<key>sourceTree</key>
			<string>&lt;group&gt;</string>
		</dict>
		<key>47362A011918896100ED7692</key>
		<dict>
			<key>fileEncoding</key>
			<string>4</string>
			<key>isa</key>
			<string>PBXFileReference</string>
			<key>lastKnownFileType</key>
			<string>sourcecode.c.objc</string>
			<key>name</key>
			<string>WPYNameFieldModel.m</string>
			<key>path</key>
			<string>Webpay/CardForm/Field/WPYNameFieldModel.m</string>
			<key>sourceTree</key>
			<string>&lt;group&gt;</string>
		</dict>
		<key>47362A021918896100ED7692</key>
		<dict>
			<key>fileRef</key>
			<string>47362A011918896100ED7692</string>
			<key>isa</key>
			<string>PBXBuildFile</string>
		</dict>
		<key>47362A03191899BA00ED7692</key>
		<dict>
			<key>fileEncoding</key>
			<string>4</string>
			<key>isa</key>
			<string>PBXFileReference</string>
			<key>lastKnownFileType</key>
			<string>sourcecode.c.h</string>
			<key>name</key>
			<string>WPYExpiryFieldModel.h</string>
			<key>path</key>
			<string>Webpay/CardForm/Field/WPYExpiryFieldModel.h</string>
			<key>sourceTree</key>
			<string>&lt;group&gt;</string>
		</dict>
		<key>47362A04191899BA00ED7692</key>
		<dict>
			<key>fileEncoding</key>
			<string>4</string>
			<key>isa</key>
			<string>PBXFileReference</string>
			<key>lastKnownFileType</key>
			<string>sourcecode.c.objc</string>
			<key>name</key>
			<string>WPYExpiryFieldModel.m</string>
			<key>path</key>
			<string>Webpay/CardForm/Field/WPYExpiryFieldModel.m</string>
			<key>sourceTree</key>
			<string>&lt;group&gt;</string>
		</dict>
		<key>47362A05191899BA00ED7692</key>
		<dict>
			<key>fileRef</key>
			<string>47362A04191899BA00ED7692</string>
			<key>isa</key>
			<string>PBXBuildFile</string>
		</dict>
		<key>47362A0A1918BC7100ED7692</key>
		<dict>
			<key>fileEncoding</key>
			<string>4</string>
			<key>isa</key>
			<string>PBXFileReference</string>
			<key>lastKnownFileType</key>
			<string>sourcecode.c.objc</string>
			<key>name</key>
			<string>WPYExpiryFieldModelTtest.m</string>
			<key>path</key>
			<string>WebpayTests/WPYExpiryFieldModelTtest.m</string>
			<key>sourceTree</key>
			<string>SOURCE_ROOT</string>
		</dict>
		<key>47362A0B1918BC7100ED7692</key>
		<dict>
			<key>fileRef</key>
			<string>47362A0A1918BC7100ED7692</string>
			<key>isa</key>
			<string>PBXBuildFile</string>
		</dict>
		<key>47362A0C1918C15B00ED7692</key>
		<dict>
			<key>fileEncoding</key>
			<string>4</string>
			<key>isa</key>
			<string>PBXFileReference</string>
			<key>lastKnownFileType</key>
			<string>sourcecode.c.objc</string>
			<key>name</key>
			<string>WPYNameFieldModelTest.m</string>
			<key>path</key>
			<string>WebpayTests/WPYNameFieldModelTest.m</string>
			<key>sourceTree</key>
			<string>SOURCE_ROOT</string>
		</dict>
		<key>47362A0D1918C15B00ED7692</key>
		<dict>
			<key>fileRef</key>
			<string>47362A0C1918C15B00ED7692</string>
			<key>isa</key>
			<string>PBXBuildFile</string>
		</dict>
		<key>47362A0E1918C2EE00ED7692</key>
		<dict>
			<key>fileEncoding</key>
			<string>4</string>
			<key>isa</key>
			<string>PBXFileReference</string>
			<key>lastKnownFileType</key>
			<string>sourcecode.c.objc</string>
			<key>name</key>
			<string>WPYCvcFieldModelTest.m</string>
			<key>path</key>
			<string>WebpayTests/WPYCvcFieldModelTest.m</string>
			<key>sourceTree</key>
			<string>SOURCE_ROOT</string>
		</dict>
		<key>47362A0F1918C2EE00ED7692</key>
		<dict>
			<key>fileRef</key>
			<string>47362A0E1918C2EE00ED7692</string>
			<key>isa</key>
			<string>PBXBuildFile</string>
		</dict>
		<key>47406D1219B5297000E4D16E</key>
		<dict>
			<key>fileEncoding</key>
			<string>4</string>
			<key>isa</key>
			<string>PBXFileReference</string>
			<key>lastKnownFileType</key>
			<string>sourcecode.c.h</string>
			<key>name</key>
			<string>WPYAvailabilityBuilder.h</string>
			<key>path</key>
			<string>Webpay/Tokenizer/WPYAvailabilityBuilder.h</string>
			<key>sourceTree</key>
			<string>&lt;group&gt;</string>
		</dict>
		<key>47406D1319B5297000E4D16E</key>
		<dict>
			<key>fileEncoding</key>
			<string>4</string>
			<key>isa</key>
			<string>PBXFileReference</string>
			<key>lastKnownFileType</key>
			<string>sourcecode.c.objc</string>
			<key>name</key>
			<string>WPYAvailabilityBuilder.m</string>
			<key>path</key>
			<string>Webpay/Tokenizer/WPYAvailabilityBuilder.m</string>
			<key>sourceTree</key>
			<string>&lt;group&gt;</string>
		</dict>
		<key>47406D1419B5297000E4D16E</key>
		<dict>
			<key>fileRef</key>
			<string>47406D1319B5297000E4D16E</string>
			<key>isa</key>
			<string>PBXBuildFile</string>
		</dict>
		<key>47413D2618FF46CF00DA7626</key>
		<dict>
			<key>fileEncoding</key>
			<string>4</string>
			<key>isa</key>
			<string>PBXFileReference</string>
			<key>lastKnownFileType</key>
			<string>sourcecode.c.h</string>
			<key>name</key>
			<string>WPYMenuDisabledTextField.h</string>
			<key>path</key>
			<string>Webpay/CardForm/Field/WPYMenuDisabledTextField.h</string>
			<key>sourceTree</key>
			<string>&lt;group&gt;</string>
		</dict>
		<key>47413D2718FF46CF00DA7626</key>
		<dict>
			<key>fileEncoding</key>
			<string>4</string>
			<key>isa</key>
			<string>PBXFileReference</string>
			<key>lastKnownFileType</key>
			<string>sourcecode.c.objc</string>
			<key>name</key>
			<string>WPYMenuDisabledTextField.m</string>
			<key>path</key>
			<string>Webpay/CardForm/Field/WPYMenuDisabledTextField.m</string>
			<key>sourceTree</key>
			<string>&lt;group&gt;</string>
		</dict>
		<key>47413D2818FF46CF00DA7626</key>
		<dict>
			<key>fileRef</key>
			<string>47413D2718FF46CF00DA7626</string>
			<key>isa</key>
			<string>PBXBuildFile</string>
		</dict>
		<key>474378C818FE43E7004ECE34</key>
		<dict>
			<key>fileEncoding</key>
			<string>4</string>
			<key>isa</key>
			<string>PBXFileReference</string>
			<key>lastKnownFileType</key>
			<string>sourcecode.c.h</string>
			<key>name</key>
			<string>WPYCardFormView.h</string>
			<key>path</key>
			<string>Webpay/CardForm/WPYCardFormView.h</string>
			<key>sourceTree</key>
			<string>&lt;group&gt;</string>
		</dict>
		<key>474378C918FE43E7004ECE34</key>
		<dict>
			<key>fileEncoding</key>
			<string>4</string>
			<key>isa</key>
			<string>PBXFileReference</string>
			<key>lastKnownFileType</key>
			<string>sourcecode.c.objc</string>
			<key>name</key>
			<string>WPYCardFormView.m</string>
			<key>path</key>
			<string>Webpay/CardForm/WPYCardFormView.m</string>
			<key>sourceTree</key>
			<string>&lt;group&gt;</string>
		</dict>
		<key>474378CA18FE43E7004ECE34</key>
		<dict>
			<key>fileRef</key>
			<string>474378C918FE43E7004ECE34</string>
			<key>isa</key>
			<string>PBXBuildFile</string>
		</dict>
		<key>474378CB18FE5D36004ECE34</key>
		<dict>
			<key>fileEncoding</key>
			<string>4</string>
			<key>isa</key>
			<string>PBXFileReference</string>
			<key>lastKnownFileType</key>
			<string>sourcecode.c.h</string>
			<key>name</key>
			<string>WPYCardFormCell.h</string>
			<key>path</key>
			<string>Webpay/CardForm/WPYCardFormCell.h</string>
			<key>sourceTree</key>
			<string>&lt;group&gt;</string>
		</dict>
		<key>474378CC18FE5D36004ECE34</key>
		<dict>
			<key>fileEncoding</key>
			<string>4</string>
			<key>isa</key>
			<string>PBXFileReference</string>
			<key>lastKnownFileType</key>
			<string>sourcecode.c.objc</string>
			<key>name</key>
			<string>WPYCardFormCell.m</string>
			<key>path</key>
			<string>Webpay/CardForm/WPYCardFormCell.m</string>
			<key>sourceTree</key>
			<string>&lt;group&gt;</string>
		</dict>
		<key>474378CD18FE5D36004ECE34</key>
		<dict>
			<key>fileRef</key>
			<string>474378CC18FE5D36004ECE34</string>
			<key>isa</key>
			<string>PBXBuildFile</string>
		</dict>
		<key>474378CF18FE6026004ECE34</key>
		<dict>
			<key>fileEncoding</key>
			<string>4</string>
			<key>isa</key>
			<string>PBXFileReference</string>
			<key>lastKnownFileType</key>
			<string>sourcecode.c.h</string>
			<key>name</key>
			<string>WPYNumberField.h</string>
			<key>path</key>
			<string>Webpay/CardForm/Field/WPYNumberField.h</string>
			<key>sourceTree</key>
			<string>&lt;group&gt;</string>
		</dict>
		<key>474378D018FE6026004ECE34</key>
		<dict>
			<key>fileEncoding</key>
			<string>4</string>
			<key>isa</key>
			<string>PBXFileReference</string>
			<key>lastKnownFileType</key>
			<string>sourcecode.c.objc</string>
			<key>name</key>
			<string>WPYNumberField.m</string>
			<key>path</key>
			<string>Webpay/CardForm/Field/WPYNumberField.m</string>
			<key>sourceTree</key>
			<string>&lt;group&gt;</string>
		</dict>
		<key>474378D118FE6026004ECE34</key>
		<dict>
			<key>fileRef</key>
			<string>474378D018FE6026004ECE34</string>
			<key>isa</key>
			<string>PBXBuildFile</string>
		</dict>
		<key>474378D218FE6219004ECE34</key>
		<dict>
			<key>children</key>
			<array>
				<string>47B967861918545400753459</string>
				<string>47B967821918540C00753459</string>
				<string>47B967831918541A00753459</string>
				<string>47B967841918542B00753459</string>
				<string>47B967851918544900753459</string>
			</array>
			<key>isa</key>
			<string>PBXGroup</string>
			<key>name</key>
			<string>Fields</string>
			<key>sourceTree</key>
			<string>&lt;group&gt;</string>
		</dict>
		<key>474378D318FE6253004ECE34</key>
		<dict>
			<key>fileEncoding</key>
			<string>4</string>
			<key>isa</key>
			<string>PBXFileReference</string>
			<key>lastKnownFileType</key>
			<string>sourcecode.c.h</string>
			<key>name</key>
			<string>WPYExpiryField.h</string>
			<key>path</key>
			<string>Webpay/CardForm/Field/WPYExpiryField.h</string>
			<key>sourceTree</key>
			<string>&lt;group&gt;</string>
		</dict>
		<key>474378D418FE6253004ECE34</key>
		<dict>
			<key>fileEncoding</key>
			<string>4</string>
			<key>isa</key>
			<string>PBXFileReference</string>
			<key>lastKnownFileType</key>
			<string>sourcecode.c.objc</string>
			<key>name</key>
			<string>WPYExpiryField.m</string>
			<key>path</key>
			<string>Webpay/CardForm/Field/WPYExpiryField.m</string>
			<key>sourceTree</key>
			<string>&lt;group&gt;</string>
		</dict>
		<key>474378D518FE6253004ECE34</key>
		<dict>
			<key>fileRef</key>
			<string>474378D418FE6253004ECE34</string>
			<key>isa</key>
			<string>PBXBuildFile</string>
		</dict>
		<key>474378D618FE676C004ECE34</key>
		<dict>
			<key>fileEncoding</key>
			<string>4</string>
			<key>isa</key>
			<string>PBXFileReference</string>
			<key>lastKnownFileType</key>
			<string>sourcecode.c.h</string>
			<key>name</key>
			<string>WPYCvcField.h</string>
			<key>path</key>
			<string>Webpay/CardForm/Field/WPYCvcField.h</string>
			<key>sourceTree</key>
			<string>&lt;group&gt;</string>
		</dict>
		<key>474378D718FE676C004ECE34</key>
		<dict>
			<key>fileEncoding</key>
			<string>4</string>
			<key>isa</key>
			<string>PBXFileReference</string>
			<key>lastKnownFileType</key>
			<string>sourcecode.c.objc</string>
			<key>name</key>
			<string>WPYCvcField.m</string>
			<key>path</key>
			<string>Webpay/CardForm/Field/WPYCvcField.m</string>
			<key>sourceTree</key>
			<string>&lt;group&gt;</string>
		</dict>
		<key>474378D818FE676C004ECE34</key>
		<dict>
			<key>fileRef</key>
			<string>474378D718FE676C004ECE34</string>
			<key>isa</key>
			<string>PBXBuildFile</string>
		</dict>
		<key>474378D918FE68D8004ECE34</key>
		<dict>
			<key>fileEncoding</key>
			<string>4</string>
			<key>isa</key>
			<string>PBXFileReference</string>
			<key>lastKnownFileType</key>
			<string>sourcecode.c.h</string>
			<key>name</key>
			<string>WPYNameField.h</string>
			<key>path</key>
			<string>Webpay/CardForm/Field/WPYNameField.h</string>
			<key>sourceTree</key>
			<string>&lt;group&gt;</string>
		</dict>
		<key>474378DA18FE68D8004ECE34</key>
		<dict>
			<key>fileEncoding</key>
			<string>4</string>
			<key>isa</key>
			<string>PBXFileReference</string>
			<key>lastKnownFileType</key>
			<string>sourcecode.c.objc</string>
			<key>name</key>
			<string>WPYNameField.m</string>
			<key>path</key>
			<string>Webpay/CardForm/Field/WPYNameField.m</string>
			<key>sourceTree</key>
			<string>&lt;group&gt;</string>
		</dict>
		<key>474378DB18FE68D8004ECE34</key>
		<dict>
			<key>fileRef</key>
			<string>474378DA18FE68D8004ECE34</string>
			<key>isa</key>
			<string>PBXBuildFile</string>
		</dict>
		<key>474D779018F4BD96000D3426</key>
		<dict>
			<key>fileEncoding</key>
			<string>4</string>
			<key>isa</key>
			<string>PBXFileReference</string>
			<key>lastKnownFileType</key>
			<string>sourcecode.c.h</string>
			<key>name</key>
			<string>Webpay.h</string>
			<key>path</key>
			<string>Webpay/Webpay.h</string>
			<key>sourceTree</key>
			<string>&lt;group&gt;</string>
		</dict>
		<key>474E601C18F0B16E0006EF46</key>
		<dict>
			<key>fileEncoding</key>
			<string>4</string>
			<key>isa</key>
			<string>PBXFileReference</string>
			<key>lastKnownFileType</key>
			<string>sourcecode.c.h</string>
			<key>name</key>
			<string>WPYTokenBuilder.h</string>
			<key>path</key>
			<string>Webpay/Tokenizer/WPYTokenBuilder.h</string>
			<key>sourceTree</key>
			<string>&lt;group&gt;</string>
		</dict>
		<key>474E601D18F0B16E0006EF46</key>
		<dict>
			<key>fileEncoding</key>
			<string>4</string>
			<key>isa</key>
			<string>PBXFileReference</string>
			<key>lastKnownFileType</key>
			<string>sourcecode.c.objc</string>
			<key>name</key>
			<string>WPYTokenBuilder.m</string>
			<key>path</key>
			<string>Webpay/Tokenizer/WPYTokenBuilder.m</string>
			<key>sourceTree</key>
			<string>&lt;group&gt;</string>
		</dict>
		<key>474E601E18F0B16E0006EF46</key>
		<dict>
			<key>fileRef</key>
			<string>474E601D18F0B16E0006EF46</string>
			<key>isa</key>
			<string>PBXBuildFile</string>
		</dict>
		<key>474E601F18F0B16E0006EF46</key>
		<dict>
			<key>fileRef</key>
			<string>474E601D18F0B16E0006EF46</string>
			<key>isa</key>
			<string>PBXBuildFile</string>
		</dict>
		<key>474E602018F0B17E0006EF46</key>
		<dict>
			<key>fileEncoding</key>
			<string>4</string>
			<key>isa</key>
			<string>PBXFileReference</string>
			<key>lastKnownFileType</key>
			<string>sourcecode.c.objc</string>
			<key>name</key>
			<string>WPYTokenBuilderTest.m</string>
			<key>path</key>
			<string>WebpayTests/WPYTokenBuilderTest.m</string>
			<key>sourceTree</key>
			<string>SOURCE_ROOT</string>
		</dict>
		<key>474E602118F0B17E0006EF46</key>
		<dict>
			<key>fileRef</key>
			<string>474E602018F0B17E0006EF46</string>
			<key>isa</key>
			<string>PBXBuildFile</string>
		</dict>
		<key>474E602218F0B2DB0006EF46</key>
		<dict>
			<key>fileEncoding</key>
			<string>4</string>
			<key>isa</key>
			<string>PBXFileReference</string>
			<key>lastKnownFileType</key>
			<string>sourcecode.c.h</string>
			<key>name</key>
			<string>WPYToken.h</string>
			<key>path</key>
			<string>Webpay/WPYToken.h</string>
			<key>sourceTree</key>
			<string>&lt;group&gt;</string>
		</dict>
		<key>474E602318F0B2DB0006EF46</key>
		<dict>
			<key>fileEncoding</key>
			<string>4</string>
			<key>isa</key>
			<string>PBXFileReference</string>
			<key>lastKnownFileType</key>
			<string>sourcecode.c.objc</string>
			<key>name</key>
			<string>WPYToken.m</string>
			<key>path</key>
			<string>Webpay/WPYToken.m</string>
			<key>sourceTree</key>
			<string>&lt;group&gt;</string>
		</dict>
		<key>474E602418F0B2DB0006EF46</key>
		<dict>
			<key>fileRef</key>
			<string>474E602318F0B2DB0006EF46</string>
			<key>isa</key>
			<string>PBXBuildFile</string>
		</dict>
		<key>474E602518F0B2DB0006EF46</key>
		<dict>
			<key>fileRef</key>
			<string>474E602318F0B2DB0006EF46</string>
			<key>isa</key>
			<string>PBXBuildFile</string>
		</dict>
		<key>47581DE018FD47910058FBD1</key>
		<dict>
			<key>children</key>
			<array>
				<string>474378C818FE43E7004ECE34</string>
				<string>474378C918FE43E7004ECE34</string>
				<string>474378CB18FE5D36004ECE34</string>
				<string>474378CC18FE5D36004ECE34</string>
				<string>474378D218FE6219004ECE34</string>
			</array>
			<key>isa</key>
			<string>PBXGroup</string>
			<key>name</key>
			<string>FormView</string>
			<key>sourceTree</key>
			<string>&lt;group&gt;</string>
		</dict>
		<key>47581DE118FD47C20058FBD1</key>
		<dict>
			<key>children</key>
			<array>
				<string>4714C80F18FD0D92000AC2A1</string>
				<string>4714C81018FD0D92000AC2A1</string>
				<string>477BF384190AFB7B001694C3</string>
				<string>477BF385190AFB7B001694C3</string>
			</array>
			<key>isa</key>
			<string>PBXGroup</string>
			<key>name</key>
			<string>ExpiryPicker</string>
			<key>sourceTree</key>
			<string>&lt;group&gt;</string>
		</dict>
		<key>4764A06C18C7EB04006C9E4E</key>
		<dict>
			<key>children</key>
			<array>
				<string>4764A07E18C7EB04006C9E4E</string>
				<string>47D9BC1418CFBEE70020BF55</string>
				<string>4764A09718C7EB04006C9E4E</string>
				<string>4764A07718C7EB04006C9E4E</string>
				<string>4764A07618C7EB04006C9E4E</string>
				<string>EF32FE1A5076FE36AB7C6FCA</string>
			</array>
			<key>isa</key>
			<string>PBXGroup</string>
			<key>sourceTree</key>
			<string>&lt;group&gt;</string>
		</dict>
		<key>4764A06D18C7EB04006C9E4E</key>
		<dict>
			<key>attributes</key>
			<dict>
				<key>LastUpgradeCheck</key>
				<string>0510</string>
				<key>ORGANIZATIONNAME</key>
				<string>yohei, YasuLab</string>
				<key>TargetAttributes</key>
				<dict>
					<key>4764A07418C7EB04006C9E4E</key>
					<dict>
						<key>DevelopmentTeam</key>
						<string>RUM9TW5XRY</string>
					</dict>
					<key>4764A08F18C7EB04006C9E4E</key>
					<dict>
						<key>TestTargetID</key>
						<string>4764A07418C7EB04006C9E4E</string>
					</dict>
				</dict>
			</dict>
			<key>buildConfigurationList</key>
			<string>4764A07018C7EB04006C9E4E</string>
			<key>compatibilityVersion</key>
			<string>Xcode 3.2</string>
			<key>developmentRegion</key>
			<string>English</string>
			<key>hasScannedForEncodings</key>
			<string>0</string>
			<key>isa</key>
			<string>PBXProject</string>
			<key>knownRegions</key>
			<array>
				<string>en</string>
				<string>ja</string>
			</array>
			<key>mainGroup</key>
			<string>4764A06C18C7EB04006C9E4E</string>
			<key>productRefGroup</key>
			<string>4764A07618C7EB04006C9E4E</string>
			<key>projectDirPath</key>
			<string></string>
			<key>projectReferences</key>
			<array/>
			<key>projectRoot</key>
			<string></string>
			<key>targets</key>
			<array>
				<string>4764A07418C7EB04006C9E4E</string>
				<string>4764A08F18C7EB04006C9E4E</string>
			</array>
		</dict>
		<key>4764A07018C7EB04006C9E4E</key>
		<dict>
			<key>buildConfigurations</key>
			<array>
				<string>4764A09F18C7EB04006C9E4E</string>
				<string>4764A0A018C7EB04006C9E4E</string>
			</array>
			<key>defaultConfigurationIsVisible</key>
			<string>0</string>
			<key>defaultConfigurationName</key>
			<string>Release</string>
			<key>isa</key>
			<string>XCConfigurationList</string>
		</dict>
		<key>4764A07118C7EB04006C9E4E</key>
		<dict>
			<key>buildActionMask</key>
			<string>2147483647</string>
			<key>files</key>
			<array>
				<string>4787AE6318EE1A2F0092A097</string>
				<string>4729BF1118F12240009A1C65</string>
				<string>47362A05191899BA00ED7692</string>
				<string>47253577191C4E73001D2EBC</string>
				<string>47ED710A1900EA6C006F9B54</string>
				<string>474378DB18FE68D8004ECE34</string>
				<string>47413D2818FF46CF00DA7626</string>
				<string>4703D6DC1925C8A200A7805F</string>
				<string>4795D4DE18F913F20050542E</string>
				<string>472526A21917385F008FC227</string>
				<string>474378CA18FE43E7004ECE34</string>
				<string>474378D518FE6253004ECE34</string>
				<string>474378D818FE676C004ECE34</string>
				<string>474378D118FE6026004ECE34</string>
				<string>4795D4DB18F913750050542E</string>
				<string>47B967891918547B00753459</string>
				<string>4764A08918C7EB04006C9E4E</string>
				<string>47406D1419B5297000E4D16E</string>
				<string>47D9BC1718CFBF080020BF55</string>
				<string>4764A08518C7EB04006C9E4E</string>
				<string>47F7A46F1925660700859C9A</string>
				<string>4727391518D8FE8B0003D759</string>
				<string>474378CD18FE5D36004ECE34</string>
				<string>477BF386190AFB7B001694C3</string>
				<string>4714C81118FD0D92000AC2A1</string>
				<string>47362A021918896100ED7692</string>
				<string>47B9678C191856AA00753459</string>
				<string>474E601E18F0B16E0006EF46</string>
				<string>474E602418F0B2DB0006EF46</string>
				<string>47CE70DF18E8C7D500E4B4B8</string>
				<string>47FB9F2D1917011800C5586B</string>
			</array>
			<key>isa</key>
			<string>PBXSourcesBuildPhase</string>
			<key>runOnlyForDeploymentPostprocessing</key>
			<string>0</string>
		</dict>
		<key>4764A07218C7EB04006C9E4E</key>
		<dict>
			<key>buildActionMask</key>
			<string>2147483647</string>
			<key>files</key>
			<array>
				<string>4764A07B18C7EB04006C9E4E</string>
				<string>4764A07D18C7EB04006C9E4E</string>
				<string>4764A07918C7EB04006C9E4E</string>
			</array>
			<key>isa</key>
			<string>PBXFrameworksBuildPhase</string>
			<key>runOnlyForDeploymentPostprocessing</key>
			<string>0</string>
		</dict>
		<key>4764A07318C7EB04006C9E4E</key>
		<dict>
			<key>buildActionMask</key>
			<string>2147483647</string>
			<key>files</key>
			<array>
				<string>4764A08318C7EB04006C9E4E</string>
				<string>4764A08B18C7EB04006C9E4E</string>
				<string>4703D6D91925C78500A7805F</string>
			</array>
			<key>isa</key>
			<string>PBXResourcesBuildPhase</string>
			<key>runOnlyForDeploymentPostprocessing</key>
			<string>0</string>
		</dict>
		<key>4764A07418C7EB04006C9E4E</key>
		<dict>
			<key>buildConfigurationList</key>
			<string>4764A0A118C7EB04006C9E4E</string>
			<key>buildPhases</key>
			<array>
				<string>4764A07118C7EB04006C9E4E</string>
				<string>4764A07218C7EB04006C9E4E</string>
				<string>4764A07318C7EB04006C9E4E</string>
			</array>
			<key>buildRules</key>
			<array/>
			<key>dependencies</key>
			<array/>
			<key>isa</key>
			<string>PBXNativeTarget</string>
			<key>name</key>
			<string>Webpay</string>
			<key>productName</key>
			<string>webpay-token-ios</string>
			<key>productReference</key>
			<string>4764A07518C7EB04006C9E4E</string>
			<key>productType</key>
			<string>com.apple.product-type.application</string>
		</dict>
		<key>4764A07518C7EB04006C9E4E</key>
		<dict>
			<key>explicitFileType</key>
			<string>wrapper.application</string>
			<key>includeInIndex</key>
			<string>0</string>
			<key>isa</key>
			<string>PBXFileReference</string>
			<key>path</key>
			<string>Webpay.app</string>
			<key>sourceTree</key>
			<string>BUILT_PRODUCTS_DIR</string>
		</dict>
		<key>4764A07618C7EB04006C9E4E</key>
		<dict>
			<key>children</key>
			<array>
				<string>4764A07518C7EB04006C9E4E</string>
				<string>4764A09018C7EB04006C9E4E</string>
			</array>
			<key>isa</key>
			<string>PBXGroup</string>
			<key>name</key>
			<string>Products</string>
			<key>sourceTree</key>
			<string>&lt;group&gt;</string>
		</dict>
		<key>4764A07718C7EB04006C9E4E</key>
		<dict>
			<key>children</key>
			<array>
				<string>4764A07818C7EB04006C9E4E</string>
				<string>4764A07A18C7EB04006C9E4E</string>
				<string>4764A07C18C7EB04006C9E4E</string>
				<string>4764A09118C7EB04006C9E4E</string>
				<string>531AC8ED97FA4908BEE3425D</string>
				<string>1F7D735451D84B4A93C98DA3</string>
			</array>
			<key>isa</key>
			<string>PBXGroup</string>
			<key>name</key>
			<string>Frameworks</string>
			<key>sourceTree</key>
			<string>&lt;group&gt;</string>
		</dict>
		<key>4764A07818C7EB04006C9E4E</key>
		<dict>
			<key>isa</key>
			<string>PBXFileReference</string>
			<key>lastKnownFileType</key>
			<string>wrapper.framework</string>
			<key>name</key>
			<string>Foundation.framework</string>
			<key>path</key>
			<string>System/Library/Frameworks/Foundation.framework</string>
			<key>sourceTree</key>
			<string>SDKROOT</string>
		</dict>
		<key>4764A07918C7EB04006C9E4E</key>
		<dict>
			<key>fileRef</key>
			<string>4764A07818C7EB04006C9E4E</string>
			<key>isa</key>
			<string>PBXBuildFile</string>
		</dict>
		<key>4764A07A18C7EB04006C9E4E</key>
		<dict>
			<key>isa</key>
			<string>PBXFileReference</string>
			<key>lastKnownFileType</key>
			<string>wrapper.framework</string>
			<key>name</key>
			<string>CoreGraphics.framework</string>
			<key>path</key>
			<string>System/Library/Frameworks/CoreGraphics.framework</string>
			<key>sourceTree</key>
			<string>SDKROOT</string>
		</dict>
		<key>4764A07B18C7EB04006C9E4E</key>
		<dict>
			<key>fileRef</key>
			<string>4764A07A18C7EB04006C9E4E</string>
			<key>isa</key>
			<string>PBXBuildFile</string>
		</dict>
		<key>4764A07C18C7EB04006C9E4E</key>
		<dict>
			<key>isa</key>
			<string>PBXFileReference</string>
			<key>lastKnownFileType</key>
			<string>wrapper.framework</string>
			<key>name</key>
			<string>UIKit.framework</string>
			<key>path</key>
			<string>System/Library/Frameworks/UIKit.framework</string>
			<key>sourceTree</key>
			<string>SDKROOT</string>
		</dict>
		<key>4764A07D18C7EB04006C9E4E</key>
		<dict>
			<key>fileRef</key>
			<string>4764A07C18C7EB04006C9E4E</string>
			<key>isa</key>
			<string>PBXBuildFile</string>
		</dict>
		<key>4764A07E18C7EB04006C9E4E</key>
		<dict>
			<key>children</key>
			<array>
				<string>4764A08718C7EB04006C9E4E</string>
				<string>4764A08818C7EB04006C9E4E</string>
				<string>4795D4D918F913750050542E</string>
				<string>4795D4DA18F913750050542E</string>
				<string>4764A08A18C7EB04006C9E4E</string>
				<string>4764A07F18C7EB04006C9E4E</string>
			</array>
			<key>isa</key>
			<string>PBXGroup</string>
			<key>name</key>
			<string>WebpayExample</string>
			<key>path</key>
			<string>webpay-token-ios</string>
			<key>sourceTree</key>
			<string>&lt;group&gt;</string>
		</dict>
		<key>4764A07F18C7EB04006C9E4E</key>
		<dict>
			<key>children</key>
			<array>
				<string>4764A08018C7EB04006C9E4E</string>
				<string>4764A08118C7EB04006C9E4E</string>
				<string>4764A08418C7EB04006C9E4E</string>
				<string>4764A08618C7EB04006C9E4E</string>
			</array>
			<key>isa</key>
			<string>PBXGroup</string>
			<key>name</key>
			<string>Supporting Files</string>
			<key>sourceTree</key>
			<string>SOURCE_ROOT</string>
		</dict>
		<key>4764A08018C7EB04006C9E4E</key>
		<dict>
			<key>isa</key>
			<string>PBXFileReference</string>
			<key>lastKnownFileType</key>
			<string>text.plist</string>
			<key>name</key>
			<string>Webpay-Info.plist</string>
			<key>path</key>
			<string>WebpayExample/Webpay-Info.plist</string>
			<key>sourceTree</key>
			<string>&lt;group&gt;</string>
		</dict>
		<key>4764A08118C7EB04006C9E4E</key>
		<dict>
			<key>children</key>
			<array>
				<string>4764A08218C7EB04006C9E4E</string>
			</array>
			<key>isa</key>
			<string>PBXVariantGroup</string>
			<key>name</key>
			<string>InfoPlist.strings</string>
			<key>path</key>
			<string>WebpayExample</string>
			<key>sourceTree</key>
			<string>&lt;group&gt;</string>
		</dict>
		<key>4764A08218C7EB04006C9E4E</key>
		<dict>
			<key>isa</key>
			<string>PBXFileReference</string>
			<key>lastKnownFileType</key>
			<string>text.plist.strings</string>
			<key>name</key>
			<string>en</string>
			<key>path</key>
			<string>en.lproj/InfoPlist.strings</string>
			<key>sourceTree</key>
			<string>&lt;group&gt;</string>
		</dict>
		<key>4764A08318C7EB04006C9E4E</key>
		<dict>
			<key>fileRef</key>
			<string>4764A08118C7EB04006C9E4E</string>
			<key>isa</key>
			<string>PBXBuildFile</string>
		</dict>
		<key>4764A08418C7EB04006C9E4E</key>
		<dict>
			<key>isa</key>
			<string>PBXFileReference</string>
			<key>lastKnownFileType</key>
			<string>sourcecode.c.objc</string>
			<key>name</key>
			<string>main.m</string>
			<key>path</key>
			<string>WebpayExample/main.m</string>
			<key>sourceTree</key>
			<string>SOURCE_ROOT</string>
		</dict>
		<key>4764A08518C7EB04006C9E4E</key>
		<dict>
			<key>fileRef</key>
			<string>4764A08418C7EB04006C9E4E</string>
			<key>isa</key>
			<string>PBXBuildFile</string>
		</dict>
		<key>4764A08618C7EB04006C9E4E</key>
		<dict>
			<key>isa</key>
			<string>PBXFileReference</string>
			<key>lastKnownFileType</key>
			<string>sourcecode.c.h</string>
			<key>name</key>
			<string>Webpay-Prefix.pch</string>
			<key>path</key>
			<string>WebpayExample/Webpay-Prefix.pch</string>
			<key>sourceTree</key>
			<string>&lt;group&gt;</string>
		</dict>
		<key>4764A08718C7EB04006C9E4E</key>
		<dict>
			<key>isa</key>
			<string>PBXFileReference</string>
			<key>lastKnownFileType</key>
			<string>sourcecode.c.h</string>
			<key>name</key>
			<string>AppDelegate.h</string>
			<key>path</key>
			<string>WebpayExample/AppDelegate.h</string>
			<key>sourceTree</key>
			<string>SOURCE_ROOT</string>
		</dict>
		<key>4764A08818C7EB04006C9E4E</key>
		<dict>
			<key>isa</key>
			<string>PBXFileReference</string>
			<key>lastKnownFileType</key>
			<string>sourcecode.c.objc</string>
			<key>name</key>
			<string>AppDelegate.m</string>
			<key>path</key>
			<string>WebpayExample/AppDelegate.m</string>
			<key>sourceTree</key>
			<string>SOURCE_ROOT</string>
		</dict>
		<key>4764A08918C7EB04006C9E4E</key>
		<dict>
			<key>fileRef</key>
			<string>4764A08818C7EB04006C9E4E</string>
			<key>isa</key>
			<string>PBXBuildFile</string>
		</dict>
		<key>4764A08A18C7EB04006C9E4E</key>
		<dict>
			<key>isa</key>
			<string>PBXFileReference</string>
			<key>lastKnownFileType</key>
			<string>folder.assetcatalog</string>
			<key>name</key>
			<string>Images.xcassets</string>
			<key>path</key>
			<string>WebpayExample/Images.xcassets</string>
			<key>sourceTree</key>
			<string>SOURCE_ROOT</string>
		</dict>
		<key>4764A08B18C7EB04006C9E4E</key>
		<dict>
			<key>fileRef</key>
			<string>4764A08A18C7EB04006C9E4E</string>
			<key>isa</key>
			<string>PBXBuildFile</string>
		</dict>
		<key>4764A08C18C7EB04006C9E4E</key>
		<dict>
			<key>buildActionMask</key>
			<string>2147483647</string>
			<key>files</key>
			<array>
				<string>4787AE6418EE1A2F0092A097</string>
				<string>4729BF1218F12240009A1C65</string>
				<string>47362A0F1918C2EE00ED7692</string>
				<string>47CE70E018E8C7D500E4B4B8</string>
				<string>474E602118F0B17E0006EF46</string>
				<string>477931B318D3C3B5007F5C9F</string>
				<string>4729BF1418F122BE009A1C65</string>
				<string>47362A0D1918C15B00ED7692</string>
				<string>474E601F18F0B16E0006EF46</string>
				<string>474E602518F0B2DB0006EF46</string>
				<string>4717DAEA19B660140042A5FF</string>
				<string>47362A0B1918BC7100ED7692</string>
				<string>4727391618D8FE8B0003D759</string>
				<string>47D9BC1818CFBF080020BF55</string>
				<string>472526A4191741FA008FC227</string>
				<string>4719923018F20A8100E845BF</string>
			</array>
			<key>isa</key>
			<string>PBXSourcesBuildPhase</string>
			<key>runOnlyForDeploymentPostprocessing</key>
			<string>0</string>
		</dict>
		<key>4764A08D18C7EB04006C9E4E</key>
		<dict>
			<key>buildActionMask</key>
			<string>2147483647</string>
			<key>files</key>
			<array>
				<string>4764A09218C7EB04006C9E4E</string>
				<string>4764A09418C7EB04006C9E4E</string>
				<string>4764A09318C7EB04006C9E4E</string>
				<string>0B0488D15CD84AD9A6725998</string>
			</array>
			<key>isa</key>
			<string>PBXFrameworksBuildPhase</string>
			<key>runOnlyForDeploymentPostprocessing</key>
			<string>0</string>
		</dict>
		<key>4764A08E18C7EB04006C9E4E</key>
		<dict>
			<key>buildActionMask</key>
			<string>2147483647</string>
			<key>files</key>
			<array>
				<string>47B8514518CA7D86003A1ECA</string>
			</array>
			<key>isa</key>
			<string>PBXResourcesBuildPhase</string>
			<key>runOnlyForDeploymentPostprocessing</key>
			<string>0</string>
		</dict>
		<key>4764A08F18C7EB04006C9E4E</key>
		<dict>
			<key>buildConfigurationList</key>
			<string>4764A0A418C7EB04006C9E4E</string>
			<key>buildPhases</key>
			<array>
				<string>B9FA2A13D9DF42AABF8A900F</string>
				<string>4764A08C18C7EB04006C9E4E</string>
				<string>4764A08D18C7EB04006C9E4E</string>
				<string>4764A08E18C7EB04006C9E4E</string>
				<string>3383F909EB2247B58C699EAB</string>
			</array>
			<key>buildRules</key>
			<array/>
			<key>dependencies</key>
			<array>
				<string>4764A09618C7EB04006C9E4E</string>
			</array>
			<key>isa</key>
			<string>PBXNativeTarget</string>
			<key>name</key>
			<string>WebpayTests</string>
			<key>productName</key>
			<string>webpay-token-iosTests</string>
			<key>productReference</key>
			<string>4764A09018C7EB04006C9E4E</string>
			<key>productType</key>
			<string>com.apple.product-type.bundle.unit-test</string>
		</dict>
		<key>4764A09018C7EB04006C9E4E</key>
		<dict>
			<key>explicitFileType</key>
			<string>wrapper.cfbundle</string>
			<key>includeInIndex</key>
			<string>0</string>
			<key>isa</key>
			<string>PBXFileReference</string>
			<key>path</key>
			<string>WebpayTests.xctest</string>
			<key>sourceTree</key>
			<string>BUILT_PRODUCTS_DIR</string>
		</dict>
		<key>4764A09118C7EB04006C9E4E</key>
		<dict>
			<key>isa</key>
			<string>PBXFileReference</string>
			<key>lastKnownFileType</key>
			<string>wrapper.framework</string>
			<key>name</key>
			<string>XCTest.framework</string>
			<key>path</key>
			<string>Library/Frameworks/XCTest.framework</string>
			<key>sourceTree</key>
			<string>DEVELOPER_DIR</string>
		</dict>
		<key>4764A09218C7EB04006C9E4E</key>
		<dict>
			<key>fileRef</key>
			<string>4764A09118C7EB04006C9E4E</string>
			<key>isa</key>
			<string>PBXBuildFile</string>
		</dict>
		<key>4764A09318C7EB04006C9E4E</key>
		<dict>
			<key>fileRef</key>
			<string>4764A07818C7EB04006C9E4E</string>
			<key>isa</key>
			<string>PBXBuildFile</string>
		</dict>
		<key>4764A09418C7EB04006C9E4E</key>
		<dict>
			<key>fileRef</key>
			<string>4764A07C18C7EB04006C9E4E</string>
			<key>isa</key>
			<string>PBXBuildFile</string>
		</dict>
		<key>4764A09518C7EB04006C9E4E</key>
		<dict>
			<key>containerPortal</key>
			<string>4764A06D18C7EB04006C9E4E</string>
			<key>isa</key>
			<string>PBXContainerItemProxy</string>
			<key>proxyType</key>
			<string>1</string>
			<key>remoteGlobalIDString</key>
			<string>4764A07418C7EB04006C9E4E</string>
			<key>remoteInfo</key>
			<string>webpay-token-ios</string>
		</dict>
		<key>4764A09618C7EB04006C9E4E</key>
		<dict>
			<key>isa</key>
			<string>PBXTargetDependency</string>
			<key>target</key>
			<string>4764A07418C7EB04006C9E4E</string>
			<key>targetProxy</key>
			<string>4764A09518C7EB04006C9E4E</string>
		</dict>
		<key>4764A09718C7EB04006C9E4E</key>
		<dict>
			<key>children</key>
			<array>
				<string>4764A09818C7EB04006C9E4E</string>
				<string>477931B218D3C3B5007F5C9F</string>
				<string>474E602018F0B17E0006EF46</string>
				<string>4729BF1318F122BE009A1C65</string>
				<string>4719922F18F20A8100E845BF</string>
				<string>4717DAE919B660140042A5FF</string>
				<string>472526A3191741FA008FC227</string>
				<string>47362A0A1918BC7100ED7692</string>
				<string>47362A0C1918C15B00ED7692</string>
				<string>47362A0E1918C2EE00ED7692</string>
			</array>
			<key>isa</key>
			<string>PBXGroup</string>
			<key>name</key>
			<string>WebpayTests</string>
			<key>path</key>
			<string>webpay-token-iosTests</string>
			<key>sourceTree</key>
			<string>&lt;group&gt;</string>
		</dict>
		<key>4764A09818C7EB04006C9E4E</key>
		<dict>
			<key>children</key>
			<array>
				<string>4764A09918C7EB04006C9E4E</string>
				<string>47B8514218CA7D86003A1ECA</string>
			</array>
			<key>isa</key>
			<string>PBXGroup</string>
			<key>name</key>
			<string>Supporting Files</string>
			<key>sourceTree</key>
			<string>&lt;group&gt;</string>
		</dict>
		<key>4764A09918C7EB04006C9E4E</key>
		<dict>
			<key>isa</key>
			<string>PBXFileReference</string>
			<key>lastKnownFileType</key>
			<string>text.plist</string>
			<key>name</key>
			<string>WebpayTests-Info.plist</string>
			<key>path</key>
			<string>WebpayTests/WebpayTests-Info.plist</string>
			<key>sourceTree</key>
			<string>&lt;group&gt;</string>
		</dict>
		<key>4764A09F18C7EB04006C9E4E</key>
		<dict>
			<key>buildSettings</key>
			<dict>
				<key>ALWAYS_SEARCH_USER_PATHS</key>
				<string>NO</string>
				<key>CLANG_CXX_LANGUAGE_STANDARD</key>
				<string>gnu++0x</string>
				<key>CLANG_CXX_LIBRARY</key>
				<string>libc++</string>
				<key>CLANG_ENABLE_MODULES</key>
				<string>YES</string>
				<key>CLANG_ENABLE_OBJC_ARC</key>
				<string>YES</string>
				<key>CLANG_WARN_BOOL_CONVERSION</key>
				<string>YES</string>
				<key>CLANG_WARN_CONSTANT_CONVERSION</key>
				<string>YES</string>
				<key>CLANG_WARN_DIRECT_OBJC_ISA_USAGE</key>
				<string>YES_ERROR</string>
				<key>CLANG_WARN_EMPTY_BODY</key>
				<string>YES</string>
				<key>CLANG_WARN_ENUM_CONVERSION</key>
				<string>YES</string>
				<key>CLANG_WARN_INT_CONVERSION</key>
				<string>YES</string>
				<key>CLANG_WARN_OBJC_ROOT_CLASS</key>
				<string>YES_ERROR</string>
				<key>CLANG_WARN__DUPLICATE_METHOD_MATCH</key>
				<string>YES</string>
				<key>CODE_SIGN_IDENTITY[sdk=iphoneos*]</key>
				<string>iPhone Developer</string>
				<key>COPY_PHASE_STRIP</key>
				<string>NO</string>
				<key>GCC_C_LANGUAGE_STANDARD</key>
				<string>gnu99</string>
				<key>GCC_DYNAMIC_NO_PIC</key>
				<string>NO</string>
				<key>GCC_OPTIMIZATION_LEVEL</key>
				<string>0</string>
				<key>GCC_PREPROCESSOR_DEFINITIONS</key>
				<array>
					<string>DEBUG=1</string>
					<string>$(inherited)</string>
				</array>
				<key>GCC_SYMBOLS_PRIVATE_EXTERN</key>
				<string>NO</string>
				<key>GCC_WARN_64_TO_32_BIT_CONVERSION</key>
				<string>YES</string>
				<key>GCC_WARN_ABOUT_RETURN_TYPE</key>
				<string>YES_ERROR</string>
				<key>GCC_WARN_UNDECLARED_SELECTOR</key>
				<string>YES</string>
				<key>GCC_WARN_UNINITIALIZED_AUTOS</key>
				<string>YES</string>
				<key>GCC_WARN_UNUSED_FUNCTION</key>
				<string>YES</string>
				<key>GCC_WARN_UNUSED_VARIABLE</key>
				<string>YES</string>
				<key>IPHONEOS_DEPLOYMENT_TARGET</key>
				<string>6.0</string>
				<key>ONLY_ACTIVE_ARCH</key>
				<string>YES</string>
				<key>SDKROOT</key>
				<string>iphoneos</string>
			</dict>
			<key>isa</key>
			<string>XCBuildConfiguration</string>
			<key>name</key>
			<string>Debug</string>
		</dict>
		<key>4764A0A018C7EB04006C9E4E</key>
		<dict>
			<key>buildSettings</key>
			<dict>
				<key>ALWAYS_SEARCH_USER_PATHS</key>
				<string>NO</string>
				<key>CLANG_CXX_LANGUAGE_STANDARD</key>
				<string>gnu++0x</string>
				<key>CLANG_CXX_LIBRARY</key>
				<string>libc++</string>
				<key>CLANG_ENABLE_MODULES</key>
				<string>YES</string>
				<key>CLANG_ENABLE_OBJC_ARC</key>
				<string>YES</string>
				<key>CLANG_WARN_BOOL_CONVERSION</key>
				<string>YES</string>
				<key>CLANG_WARN_CONSTANT_CONVERSION</key>
				<string>YES</string>
				<key>CLANG_WARN_DIRECT_OBJC_ISA_USAGE</key>
				<string>YES_ERROR</string>
				<key>CLANG_WARN_EMPTY_BODY</key>
				<string>YES</string>
				<key>CLANG_WARN_ENUM_CONVERSION</key>
				<string>YES</string>
				<key>CLANG_WARN_INT_CONVERSION</key>
				<string>YES</string>
				<key>CLANG_WARN_OBJC_ROOT_CLASS</key>
				<string>YES_ERROR</string>
				<key>CLANG_WARN__DUPLICATE_METHOD_MATCH</key>
				<string>YES</string>
				<key>CODE_SIGN_IDENTITY[sdk=iphoneos*]</key>
				<string>iPhone Developer</string>
				<key>COPY_PHASE_STRIP</key>
				<string>YES</string>
				<key>ENABLE_NS_ASSERTIONS</key>
				<string>NO</string>
				<key>GCC_C_LANGUAGE_STANDARD</key>
				<string>gnu99</string>
				<key>GCC_WARN_64_TO_32_BIT_CONVERSION</key>
				<string>YES</string>
				<key>GCC_WARN_ABOUT_RETURN_TYPE</key>
				<string>YES_ERROR</string>
				<key>GCC_WARN_UNDECLARED_SELECTOR</key>
				<string>YES</string>
				<key>GCC_WARN_UNINITIALIZED_AUTOS</key>
				<string>YES</string>
				<key>GCC_WARN_UNUSED_FUNCTION</key>
				<string>YES</string>
				<key>GCC_WARN_UNUSED_VARIABLE</key>
				<string>YES</string>
				<key>IPHONEOS_DEPLOYMENT_TARGET</key>
				<string>6.0</string>
				<key>SDKROOT</key>
				<string>iphoneos</string>
				<key>VALIDATE_PRODUCT</key>
				<string>YES</string>
			</dict>
			<key>isa</key>
			<string>XCBuildConfiguration</string>
			<key>name</key>
			<string>Release</string>
		</dict>
		<key>4764A0A118C7EB04006C9E4E</key>
		<dict>
			<key>buildConfigurations</key>
			<array>
				<string>4764A0A218C7EB04006C9E4E</string>
				<string>4764A0A318C7EB04006C9E4E</string>
			</array>
			<key>defaultConfigurationIsVisible</key>
			<string>0</string>
			<key>defaultConfigurationName</key>
			<string>Release</string>
			<key>isa</key>
			<string>XCConfigurationList</string>
		</dict>
		<key>4764A0A218C7EB04006C9E4E</key>
		<dict>
			<key>buildSettings</key>
			<dict>
				<key>ASSETCATALOG_COMPILER_APPICON_NAME</key>
				<string>AppIcon</string>
				<key>ASSETCATALOG_COMPILER_LAUNCHIMAGE_NAME</key>
				<string>LaunchImage</string>
				<key>CODE_SIGN_IDENTITY</key>
				<string>iPhone Developer</string>
				<key>CODE_SIGN_IDENTITY[sdk=iphoneos*]</key>
				<string>iPhone Developer</string>
				<key>GCC_PRECOMPILE_PREFIX_HEADER</key>
				<string>YES</string>
				<key>GCC_PREFIX_HEADER</key>
				<string>WebpayExample/Webpay-Prefix.pch</string>
				<key>INFOPLIST_FILE</key>
				<string>WebpayExample/Webpay-Info.plist</string>
				<key>PRODUCT_NAME</key>
				<string>Webpay</string>
				<key>PROVISIONING_PROFILE</key>
				<string></string>
				<key>WRAPPER_EXTENSION</key>
				<string>app</string>
			</dict>
			<key>isa</key>
			<string>XCBuildConfiguration</string>
			<key>name</key>
			<string>Debug</string>
		</dict>
		<key>4764A0A318C7EB04006C9E4E</key>
		<dict>
			<key>buildSettings</key>
			<dict>
				<key>ASSETCATALOG_COMPILER_APPICON_NAME</key>
				<string>AppIcon</string>
				<key>ASSETCATALOG_COMPILER_LAUNCHIMAGE_NAME</key>
				<string>LaunchImage</string>
				<key>CODE_SIGN_IDENTITY</key>
				<string>iPhone Developer</string>
				<key>CODE_SIGN_IDENTITY[sdk=iphoneos*]</key>
				<string>iPhone Developer</string>
				<key>GCC_PRECOMPILE_PREFIX_HEADER</key>
				<string>YES</string>
				<key>GCC_PREFIX_HEADER</key>
				<string>WebpayExample/Webpay-Prefix.pch</string>
				<key>INFOPLIST_FILE</key>
				<string>WebpayExample/Webpay-Info.plist</string>
				<key>PRODUCT_NAME</key>
				<string>Webpay</string>
				<key>PROVISIONING_PROFILE</key>
				<string></string>
				<key>WRAPPER_EXTENSION</key>
				<string>app</string>
			</dict>
			<key>isa</key>
			<string>XCBuildConfiguration</string>
			<key>name</key>
			<string>Release</string>
		</dict>
		<key>4764A0A418C7EB04006C9E4E</key>
		<dict>
			<key>buildConfigurations</key>
			<array>
				<string>4764A0A518C7EB04006C9E4E</string>
				<string>4764A0A618C7EB04006C9E4E</string>
			</array>
			<key>defaultConfigurationIsVisible</key>
			<string>0</string>
			<key>defaultConfigurationName</key>
			<string>Release</string>
			<key>isa</key>
			<string>XCConfigurationList</string>
		</dict>
		<key>4764A0A518C7EB04006C9E4E</key>
		<dict>
			<key>baseConfigurationReference</key>
			<string>33F4F13EA496961705191BED</string>
			<key>buildSettings</key>
			<dict>
				<key>BUNDLE_LOADER</key>
				<string>$(BUILT_PRODUCTS_DIR)/Webpay.app/Webpay</string>
				<key>FRAMEWORK_SEARCH_PATHS</key>
				<array>
					<string>$(SDKROOT)/Developer/Library/Frameworks</string>
					<string>$(inherited)</string>
					<string>$(DEVELOPER_FRAMEWORKS_DIR)</string>
				</array>
				<key>GCC_PRECOMPILE_PREFIX_HEADER</key>
				<string>YES</string>
				<key>GCC_PREFIX_HEADER</key>
				<string>WebpayExample/Webpay-Prefix.pch</string>
				<key>GCC_PREPROCESSOR_DEFINITIONS</key>
				<array>
					<string>DEBUG=1</string>
					<string>$(inherited)</string>
				</array>
				<key>INFOPLIST_FILE</key>
				<string>WebpayTests/WebpayTests-Info.plist</string>
				<key>PRODUCT_NAME</key>
				<string>WebpayTests</string>
				<key>TEST_HOST</key>
				<string>$(BUNDLE_LOADER)</string>
				<key>WRAPPER_EXTENSION</key>
				<string>xctest</string>
			</dict>
			<key>isa</key>
			<string>XCBuildConfiguration</string>
			<key>name</key>
			<string>Debug</string>
		</dict>
		<key>4764A0A618C7EB04006C9E4E</key>
		<dict>
			<key>baseConfigurationReference</key>
			<string>1D90A3F25646BFD7D5F6CB98</string>
			<key>buildSettings</key>
			<dict>
				<key>BUNDLE_LOADER</key>
				<string>$(BUILT_PRODUCTS_DIR)/Webpay.app/Webpay</string>
				<key>FRAMEWORK_SEARCH_PATHS</key>
				<array>
					<string>$(SDKROOT)/Developer/Library/Frameworks</string>
					<string>$(inherited)</string>
					<string>$(DEVELOPER_FRAMEWORKS_DIR)</string>
				</array>
				<key>GCC_PRECOMPILE_PREFIX_HEADER</key>
				<string>YES</string>
				<key>GCC_PREFIX_HEADER</key>
				<string>WebpayExample/Webpay-Prefix.pch</string>
				<key>INFOPLIST_FILE</key>
				<string>WebpayTests/WebpayTests-Info.plist</string>
				<key>PRODUCT_NAME</key>
				<string>WebpayTests</string>
				<key>TEST_HOST</key>
				<string>$(BUNDLE_LOADER)</string>
				<key>WRAPPER_EXTENSION</key>
				<string>xctest</string>
			</dict>
			<key>isa</key>
			<string>XCBuildConfiguration</string>
			<key>name</key>
			<string>Release</string>
		</dict>
		<key>477931B218D3C3B5007F5C9F</key>
		<dict>
			<key>fileEncoding</key>
			<string>4</string>
			<key>isa</key>
			<string>PBXFileReference</string>
			<key>lastKnownFileType</key>
			<string>sourcecode.c.objc</string>
			<key>name</key>
			<string>WPYCreditCardTest.m</string>
			<key>path</key>
			<string>WebpayTests/WPYCreditCardTest.m</string>
			<key>sourceTree</key>
			<string>SOURCE_ROOT</string>
		</dict>
		<key>477931B318D3C3B5007F5C9F</key>
		<dict>
			<key>fileRef</key>
			<string>477931B218D3C3B5007F5C9F</string>
			<key>isa</key>
			<string>PBXBuildFile</string>
		</dict>
		<key>477BF384190AFB7B001694C3</key>
		<dict>
			<key>fileEncoding</key>
			<string>4</string>
			<key>isa</key>
			<string>PBXFileReference</string>
			<key>lastKnownFileType</key>
			<string>sourcecode.c.h</string>
			<key>name</key>
			<string>WPYExpiryAccessoryView.h</string>
			<key>path</key>
			<string>Webpay/CardForm/Field/ExpiryPicker/WPYExpiryAccessoryView.h</string>
			<key>sourceTree</key>
			<string>&lt;group&gt;</string>
		</dict>
		<key>477BF385190AFB7B001694C3</key>
		<dict>
			<key>fileEncoding</key>
			<string>4</string>
			<key>isa</key>
			<string>PBXFileReference</string>
			<key>lastKnownFileType</key>
			<string>sourcecode.c.objc</string>
			<key>name</key>
			<string>WPYExpiryAccessoryView.m</string>
			<key>path</key>
			<string>Webpay/CardForm/Field/ExpiryPicker/WPYExpiryAccessoryView.m</string>
			<key>sourceTree</key>
			<string>&lt;group&gt;</string>
		</dict>
		<key>477BF386190AFB7B001694C3</key>
		<dict>
			<key>fileRef</key>
			<string>477BF385190AFB7B001694C3</string>
			<key>isa</key>
			<string>PBXBuildFile</string>
		</dict>
		<key>4787AE6118EE1A2F0092A097</key>
		<dict>
			<key>fileEncoding</key>
			<string>4</string>
			<key>isa</key>
			<string>PBXFileReference</string>
			<key>lastKnownFileType</key>
			<string>sourcecode.c.h</string>
			<key>name</key>
			<string>WPYCommunicator.h</string>
			<key>path</key>
			<string>Webpay/Tokenizer/WPYCommunicator.h</string>
			<key>sourceTree</key>
			<string>&lt;group&gt;</string>
		</dict>
		<key>4787AE6218EE1A2F0092A097</key>
		<dict>
			<key>fileEncoding</key>
			<string>4</string>
			<key>isa</key>
			<string>PBXFileReference</string>
			<key>lastKnownFileType</key>
			<string>sourcecode.c.objc</string>
			<key>name</key>
			<string>WPYCommunicator.m</string>
			<key>path</key>
			<string>Webpay/Tokenizer/WPYCommunicator.m</string>
			<key>sourceTree</key>
			<string>&lt;group&gt;</string>
		</dict>
		<key>4787AE6318EE1A2F0092A097</key>
		<dict>
			<key>fileRef</key>
			<string>4787AE6218EE1A2F0092A097</string>
			<key>isa</key>
			<string>PBXBuildFile</string>
		</dict>
		<key>4787AE6418EE1A2F0092A097</key>
		<dict>
			<key>fileRef</key>
			<string>4787AE6218EE1A2F0092A097</string>
			<key>isa</key>
			<string>PBXBuildFile</string>
		</dict>
		<key>4795D4D918F913750050542E</key>
		<dict>
			<key>fileEncoding</key>
			<string>4</string>
			<key>isa</key>
			<string>PBXFileReference</string>
			<key>lastKnownFileType</key>
			<string>sourcecode.c.h</string>
			<key>name</key>
			<string>ItemDetailViewController.h</string>
			<key>path</key>
			<string>WebpayExample/ItemDetailViewController.h</string>
			<key>sourceTree</key>
			<string>SOURCE_ROOT</string>
		</dict>
		<key>4795D4DA18F913750050542E</key>
		<dict>
			<key>fileEncoding</key>
			<string>4</string>
			<key>isa</key>
			<string>PBXFileReference</string>
			<key>lastKnownFileType</key>
			<string>sourcecode.c.objc</string>
			<key>name</key>
			<string>ItemDetailViewController.m</string>
			<key>path</key>
			<string>WebpayExample/ItemDetailViewController.m</string>
			<key>sourceTree</key>
			<string>SOURCE_ROOT</string>
		</dict>
		<key>4795D4DB18F913750050542E</key>
		<dict>
			<key>fileRef</key>
			<string>4795D4DA18F913750050542E</string>
			<key>isa</key>
			<string>PBXBuildFile</string>
		</dict>
		<key>4795D4DC18F913F20050542E</key>
		<dict>
			<key>fileEncoding</key>
			<string>4</string>
			<key>isa</key>
			<string>PBXFileReference</string>
			<key>lastKnownFileType</key>
			<string>sourcecode.c.h</string>
			<key>name</key>
			<string>WPYPaymentViewController.h</string>
			<key>path</key>
			<string>Webpay/PaymentViewController/WPYPaymentViewController.h</string>
			<key>sourceTree</key>
			<string>&lt;group&gt;</string>
		</dict>
		<key>4795D4DD18F913F20050542E</key>
		<dict>
			<key>fileEncoding</key>
			<string>4</string>
			<key>isa</key>
			<string>PBXFileReference</string>
			<key>lastKnownFileType</key>
			<string>sourcecode.c.objc</string>
			<key>name</key>
			<string>WPYPaymentViewController.m</string>
			<key>path</key>
			<string>Webpay/PaymentViewController/WPYPaymentViewController.m</string>
			<key>sourceTree</key>
			<string>&lt;group&gt;</string>
		</dict>
		<key>4795D4DE18F913F20050542E</key>
		<dict>
			<key>fileRef</key>
			<string>4795D4DD18F913F20050542E</string>
			<key>isa</key>
			<string>PBXBuildFile</string>
		</dict>
		<key>47B8514218CA7D86003A1ECA</key>
		<dict>
			<key>children</key>
			<array>
				<string>47B8514318CA7D86003A1ECA</string>
			</array>
			<key>isa</key>
			<string>PBXGroup</string>
			<key>name</key>
			<string>en.lproj</string>
			<key>path</key>
			<string>WebpayTests/en.lproj</string>
			<key>sourceTree</key>
			<string>SOURCE_ROOT</string>
		</dict>
		<key>47B8514318CA7D86003A1ECA</key>
		<dict>
			<key>children</key>
			<array>
				<string>47B8514418CA7D86003A1ECA</string>
			</array>
			<key>isa</key>
			<string>PBXVariantGroup</string>
			<key>name</key>
			<string>InfoPlist.strings</string>
			<key>sourceTree</key>
			<string>&lt;group&gt;</string>
		</dict>
		<key>47B8514418CA7D86003A1ECA</key>
		<dict>
			<key>isa</key>
			<string>PBXFileReference</string>
			<key>lastKnownFileType</key>
			<string>text.plist.strings</string>
			<key>name</key>
			<string>en</string>
			<key>path</key>
			<string>InfoPlist.strings</string>
			<key>sourceTree</key>
			<string>&lt;group&gt;</string>
		</dict>
		<key>47B8514518CA7D86003A1ECA</key>
		<dict>
			<key>fileRef</key>
			<string>47B8514318CA7D86003A1ECA</string>
			<key>isa</key>
			<string>PBXBuildFile</string>
		</dict>
		<key>47B86F6C18FDEC3A001C6B3A</key>
		<dict>
			<key>children</key>
			<array>
				<string>47CE70DD18E8C7D500E4B4B8</string>
				<string>47CE70DE18E8C7D500E4B4B8</string>
				<string>4787AE6118EE1A2F0092A097</string>
				<string>4787AE6218EE1A2F0092A097</string>
				<string>474E601C18F0B16E0006EF46</string>
				<string>474E601D18F0B16E0006EF46</string>
				<string>4729BF0F18F12240009A1C65</string>
				<string>4729BF1018F12240009A1C65</string>
				<string>47406D1219B5297000E4D16E</string>
				<string>47406D1319B5297000E4D16E</string>
			</array>
			<key>isa</key>
			<string>PBXGroup</string>
			<key>name</key>
			<string>Tokenizer</string>
			<key>sourceTree</key>
			<string>&lt;group&gt;</string>
		</dict>
		<key>47B967821918540C00753459</key>
		<dict>
			<key>children</key>
			<array>
				<string>474378CF18FE6026004ECE34</string>
				<string>474378D018FE6026004ECE34</string>
				<string>472526A01917385F008FC227</string>
				<string>472526A11917385F008FC227</string>
			</array>
			<key>isa</key>
			<string>PBXGroup</string>
			<key>name</key>
			<string>NumberField</string>
			<key>sourceTree</key>
			<string>&lt;group&gt;</string>
		</dict>
		<key>47B967831918541A00753459</key>
		<dict>
			<key>children</key>
			<array>
				<string>474378D318FE6253004ECE34</string>
				<string>474378D418FE6253004ECE34</string>
				<string>47362A03191899BA00ED7692</string>
				<string>47362A04191899BA00ED7692</string>
				<string>47413D2618FF46CF00DA7626</string>
				<string>47413D2718FF46CF00DA7626</string>
				<string>47581DE118FD47C20058FBD1</string>
			</array>
			<key>isa</key>
			<string>PBXGroup</string>
			<key>name</key>
			<string>ExpiryField</string>
			<key>sourceTree</key>
			<string>&lt;group&gt;</string>
		</dict>
		<key>47B967841918542B00753459</key>
		<dict>
			<key>children</key>
			<array>
				<string>474378D618FE676C004ECE34</string>
				<string>474378D718FE676C004ECE34</string>
				<string>47B967871918547B00753459</string>
				<string>47B967881918547B00753459</string>
				<string>47253575191C4E73001D2EBC</string>
				<string>47253576191C4E73001D2EBC</string>
			</array>
			<key>isa</key>
			<string>PBXGroup</string>
			<key>name</key>
			<string>Cvc</string>
			<key>sourceTree</key>
			<string>&lt;group&gt;</string>
		</dict>
		<key>47B967851918544900753459</key>
		<dict>
			<key>children</key>
			<array>
				<string>474378D918FE68D8004ECE34</string>
				<string>474378DA18FE68D8004ECE34</string>
				<string>47362A001918896100ED7692</string>
				<string>47362A011918896100ED7692</string>
			</array>
			<key>isa</key>
			<string>PBXGroup</string>
			<key>name</key>
			<string>Name</string>
			<key>sourceTree</key>
			<string>&lt;group&gt;</string>
		</dict>
		<key>47B967861918545400753459</key>
		<dict>
			<key>children</key>
			<array>
				<string>47ED71081900EA6C006F9B54</string>
				<string>47E5B59319280521004CECDF</string>
				<string>47ED71091900EA6C006F9B54</string>
				<string>47B9678A191856AA00753459</string>
				<string>47B9678B191856AA00753459</string>
				<string>47FB9F2B1917011800C5586B</string>
				<string>47FB9F2C1917011800C5586B</string>
			</array>
			<key>isa</key>
			<string>PBXGroup</string>
			<key>name</key>
			<string>SuperClass</string>
			<key>sourceTree</key>
			<string>&lt;group&gt;</string>
		</dict>
		<key>47B967871918547B00753459</key>
		<dict>
			<key>fileEncoding</key>
			<string>4</string>
			<key>isa</key>
			<string>PBXFileReference</string>
			<key>lastKnownFileType</key>
			<string>sourcecode.c.h</string>
			<key>name</key>
			<string>WPYCvcFieldModel.h</string>
			<key>path</key>
			<string>Webpay/CardForm/Field/WPYCvcFieldModel.h</string>
			<key>sourceTree</key>
			<string>&lt;group&gt;</string>
		</dict>
		<key>47B967881918547B00753459</key>
		<dict>
			<key>fileEncoding</key>
			<string>4</string>
			<key>isa</key>
			<string>PBXFileReference</string>
			<key>lastKnownFileType</key>
			<string>sourcecode.c.objc</string>
			<key>name</key>
			<string>WPYCvcFieldModel.m</string>
			<key>path</key>
			<string>Webpay/CardForm/Field/WPYCvcFieldModel.m</string>
			<key>sourceTree</key>
			<string>&lt;group&gt;</string>
		</dict>
		<key>47B967891918547B00753459</key>
		<dict>
			<key>fileRef</key>
			<string>47B967881918547B00753459</string>
			<key>isa</key>
			<string>PBXBuildFile</string>
		</dict>
		<key>47B9678A191856AA00753459</key>
		<dict>
			<key>fileEncoding</key>
			<string>4</string>
			<key>isa</key>
			<string>PBXFileReference</string>
			<key>lastKnownFileType</key>
			<string>sourcecode.c.h</string>
			<key>name</key>
			<string>WPYAbstractFieldModel.h</string>
			<key>path</key>
			<string>Webpay/CardForm/Field/WPYAbstractFieldModel.h</string>
			<key>sourceTree</key>
			<string>&lt;group&gt;</string>
		</dict>
		<key>47B9678B191856AA00753459</key>
		<dict>
			<key>fileEncoding</key>
			<string>4</string>
			<key>isa</key>
			<string>PBXFileReference</string>
			<key>lastKnownFileType</key>
			<string>sourcecode.c.objc</string>
			<key>name</key>
			<string>WPYAbstractFieldModel.m</string>
			<key>path</key>
			<string>Webpay/CardForm/Field/WPYAbstractFieldModel.m</string>
			<key>sourceTree</key>
			<string>&lt;group&gt;</string>
		</dict>
		<key>47B9678C191856AA00753459</key>
		<dict>
			<key>fileRef</key>
			<string>47B9678B191856AA00753459</string>
			<key>isa</key>
			<string>PBXBuildFile</string>
		</dict>
		<key>47CE70DD18E8C7D500E4B4B8</key>
		<dict>
			<key>fileEncoding</key>
			<string>4</string>
			<key>isa</key>
			<string>PBXFileReference</string>
			<key>lastKnownFileType</key>
			<string>sourcecode.c.h</string>
			<key>name</key>
			<string>WPYTokenizer.h</string>
			<key>path</key>
			<string>Webpay/Tokenizer/WPYTokenizer.h</string>
			<key>sourceTree</key>
			<string>&lt;group&gt;</string>
		</dict>
		<key>47CE70DE18E8C7D500E4B4B8</key>
		<dict>
			<key>fileEncoding</key>
			<string>4</string>
			<key>isa</key>
			<string>PBXFileReference</string>
			<key>lastKnownFileType</key>
			<string>sourcecode.c.objc</string>
			<key>name</key>
			<string>WPYTokenizer.m</string>
			<key>path</key>
			<string>Webpay/Tokenizer/WPYTokenizer.m</string>
			<key>sourceTree</key>
			<string>&lt;group&gt;</string>
		</dict>
		<key>47CE70DF18E8C7D500E4B4B8</key>
		<dict>
			<key>fileRef</key>
			<string>47CE70DE18E8C7D500E4B4B8</string>
			<key>isa</key>
			<string>PBXBuildFile</string>
		</dict>
		<key>47CE70E018E8C7D500E4B4B8</key>
		<dict>
			<key>fileRef</key>
			<string>47CE70DE18E8C7D500E4B4B8</string>
			<key>isa</key>
			<string>PBXBuildFile</string>
		</dict>
		<key>47D6AB6A1916DDEC00D55910</key>
		<dict>
			<key>children</key>
			<array>
				<string>4703D6D81925C78500A7805F</string>
			</array>
			<key>isa</key>
			<string>PBXGroup</string>
			<key>name</key>
			<string>Resources</string>
			<key>sourceTree</key>
			<string>&lt;group&gt;</string>
		</dict>
		<key>47D9BC1418CFBEE70020BF55</key>
		<dict>
			<key>children</key>
			<array>
				<string>474D779018F4BD96000D3426</string>
				<string>47D9BC1518CFBF080020BF55</string>
				<string>47D9BC1618CFBF080020BF55</string>
				<string>474E602218F0B2DB0006EF46</string>
				<string>474E602318F0B2DB0006EF46</string>
				<string>4727391318D8FE8B0003D759</string>
				<string>4727391418D8FE8B0003D759</string>
				<string>47B86F6C18FDEC3A001C6B3A</string>
				<string>470AEB3A1901CDF900017A5C</string>
				<string>47D6AB6A1916DDEC00D55910</string>
				<string>47581DE018FD47910058FBD1</string>
				<string>47F7A46D1925660700859C9A</string>
				<string>47F7A46E1925660700859C9A</string>
				<string>4703D6DA1925C8A200A7805F</string>
				<string>4703D6DB1925C8A200A7805F</string>
			</array>
			<key>isa</key>
			<string>PBXGroup</string>
			<key>name</key>
			<string>Webpay</string>
			<key>sourceTree</key>
			<string>&lt;group&gt;</string>
		</dict>
		<key>47D9BC1518CFBF080020BF55</key>
		<dict>
			<key>fileEncoding</key>
			<string>4</string>
			<key>isa</key>
			<string>PBXFileReference</string>
			<key>lastKnownFileType</key>
			<string>sourcecode.c.h</string>
			<key>name</key>
			<string>WPYCreditCard.h</string>
			<key>path</key>
			<string>Webpay/WPYCreditCard.h</string>
			<key>sourceTree</key>
			<string>&lt;group&gt;</string>
		</dict>
		<key>47D9BC1618CFBF080020BF55</key>
		<dict>
			<key>fileEncoding</key>
			<string>4</string>
			<key>isa</key>
			<string>PBXFileReference</string>
			<key>lastKnownFileType</key>
			<string>sourcecode.c.objc</string>
			<key>name</key>
			<string>WPYCreditCard.m</string>
			<key>path</key>
			<string>Webpay/WPYCreditCard.m</string>
			<key>sourceTree</key>
			<string>&lt;group&gt;</string>
		</dict>
		<key>47D9BC1718CFBF080020BF55</key>
		<dict>
			<key>fileRef</key>
			<string>47D9BC1618CFBF080020BF55</string>
			<key>isa</key>
			<string>PBXBuildFile</string>
		</dict>
		<key>47D9BC1818CFBF080020BF55</key>
		<dict>
			<key>fileRef</key>
			<string>47D9BC1618CFBF080020BF55</string>
			<key>isa</key>
			<string>PBXBuildFile</string>
		</dict>
		<key>47E5B59319280521004CECDF</key>
		<dict>
			<key>fileEncoding</key>
			<string>4</string>
			<key>isa</key>
			<string>PBXFileReference</string>
			<key>lastKnownFileType</key>
			<string>sourcecode.c.h</string>
			<key>name</key>
			<string>WPYAbstractCardFieldSubclass.h</string>
			<key>path</key>
			<string>Webpay/CardForm/Field/WPYAbstractCardFieldSubclass.h</string>
			<key>sourceTree</key>
			<string>&lt;group&gt;</string>
		</dict>
		<key>47E75372192739E700FEBD47</key>
		<dict>
			<key>fileEncoding</key>
			<string>4</string>
			<key>isa</key>
			<string>PBXFileReference</string>
			<key>lastKnownFileType</key>
			<string>sourcecode.c.h</string>
			<key>name</key>
			<string>WPYPaymentViewControllerSubclass.h</string>
			<key>path</key>
			<string>Webpay/PaymentViewController/WPYPaymentViewControllerSubclass.h</string>
			<key>sourceTree</key>
			<string>&lt;group&gt;</string>
		</dict>
		<key>47ED71081900EA6C006F9B54</key>
		<dict>
			<key>fileEncoding</key>
			<string>4</string>
			<key>isa</key>
			<string>PBXFileReference</string>
			<key>lastKnownFileType</key>
			<string>sourcecode.c.h</string>
			<key>name</key>
			<string>WPYAbstractCardField.h</string>
			<key>path</key>
			<string>Webpay/CardForm/Field/WPYAbstractCardField.h</string>
			<key>sourceTree</key>
			<string>&lt;group&gt;</string>
		</dict>
		<key>47ED71091900EA6C006F9B54</key>
		<dict>
			<key>fileEncoding</key>
			<string>4</string>
			<key>isa</key>
			<string>PBXFileReference</string>
			<key>lastKnownFileType</key>
			<string>sourcecode.c.objc</string>
			<key>name</key>
			<string>WPYAbstractCardField.m</string>
			<key>path</key>
			<string>Webpay/CardForm/Field/WPYAbstractCardField.m</string>
			<key>sourceTree</key>
			<string>&lt;group&gt;</string>
		</dict>
		<key>47ED710A1900EA6C006F9B54</key>
		<dict>
			<key>fileRef</key>
			<string>47ED71091900EA6C006F9B54</string>
			<key>isa</key>
			<string>PBXBuildFile</string>
		</dict>
		<key>47F7A46D1925660700859C9A</key>
		<dict>
			<key>fileEncoding</key>
			<string>4</string>
			<key>isa</key>
			<string>PBXFileReference</string>
			<key>lastKnownFileType</key>
			<string>sourcecode.c.h</string>
			<key>name</key>
			<string>WPYDeviceSettings.h</string>
			<key>path</key>
			<string>Webpay/WPYDeviceSettings.h</string>
			<key>sourceTree</key>
			<string>&lt;group&gt;</string>
		</dict>
		<key>47F7A46E1925660700859C9A</key>
		<dict>
			<key>fileEncoding</key>
			<string>4</string>
			<key>isa</key>
			<string>PBXFileReference</string>
			<key>lastKnownFileType</key>
			<string>sourcecode.c.objc</string>
			<key>name</key>
			<string>WPYDeviceSettings.m</string>
			<key>path</key>
			<string>Webpay/WPYDeviceSettings.m</string>
			<key>sourceTree</key>
			<string>&lt;group&gt;</string>
		</dict>
		<key>47F7A46F1925660700859C9A</key>
		<dict>
			<key>fileRef</key>
			<string>47F7A46E1925660700859C9A</string>
			<key>isa</key>
			<string>PBXBuildFile</string>
		</dict>
		<key>47FB9F2B1917011800C5586B</key>
		<dict>
			<key>fileEncoding</key>
			<string>4</string>
			<key>isa</key>
			<string>PBXFileReference</string>
			<key>lastKnownFileType</key>
			<string>sourcecode.c.h</string>
			<key>name</key>
			<string>WPYTextField.h</string>
			<key>path</key>
			<string>Webpay/CardForm/Field/WPYTextField.h</string>
			<key>sourceTree</key>
			<string>&lt;group&gt;</string>
		</dict>
		<key>47FB9F2C1917011800C5586B</key>
		<dict>
			<key>fileEncoding</key>
			<string>4</string>
			<key>isa</key>
			<string>PBXFileReference</string>
			<key>lastKnownFileType</key>
			<string>sourcecode.c.objc</string>
			<key>name</key>
			<string>WPYTextField.m</string>
			<key>path</key>
			<string>Webpay/CardForm/Field/WPYTextField.m</string>
			<key>sourceTree</key>
			<string>&lt;group&gt;</string>
		</dict>
		<key>47FB9F2D1917011800C5586B</key>
		<dict>
			<key>fileRef</key>
			<string>47FB9F2C1917011800C5586B</string>
			<key>isa</key>
			<string>PBXBuildFile</string>
		</dict>
		<key>531AC8ED97FA4908BEE3425D</key>
		<dict>
			<key>explicitFileType</key>
			<string>archive.ar</string>
			<key>includeInIndex</key>
			<string>0</string>
			<key>isa</key>
			<string>PBXFileReference</string>
			<key>path</key>
			<string>libPods-WebpayTests.a</string>
			<key>sourceTree</key>
			<string>BUILT_PRODUCTS_DIR</string>
		</dict>
		<key>B9FA2A13D9DF42AABF8A900F</key>
		<dict>
			<key>buildActionMask</key>
			<string>2147483647</string>
			<key>files</key>
			<array/>
			<key>inputPaths</key>
			<array/>
			<key>isa</key>
			<string>PBXShellScriptBuildPhase</string>
			<key>name</key>
			<string>Check Pods Manifest.lock</string>
			<key>outputPaths</key>
			<array/>
			<key>runOnlyForDeploymentPostprocessing</key>
			<string>0</string>
			<key>shellPath</key>
			<string>/bin/sh</string>
			<key>shellScript</key>
			<string>diff "${PODS_ROOT}/../Podfile.lock" "${PODS_ROOT}/Manifest.lock" &gt; /dev/null
if [[ $? != 0 ]] ; then
    cat &lt;&lt; EOM
error: The sandbox is not in sync with the Podfile.lock. Run 'pod install' or update your CocoaPods installation.
EOM
    exit 1
fi
</string>
			<key>showEnvVarsInLog</key>
			<string>0</string>
		</dict>
		<key>EF32FE1A5076FE36AB7C6FCA</key>
		<dict>
			<key>children</key>
			<array>
				<string>33F4F13EA496961705191BED</string>
				<string>1D90A3F25646BFD7D5F6CB98</string>
			</array>
			<key>isa</key>
			<string>PBXGroup</string>
			<key>name</key>
			<string>Pods</string>
			<key>sourceTree</key>
			<string>&lt;group&gt;</string>
		</dict>
	</dict>
	<key>rootObject</key>
	<string>4764A06D18C7EB04006C9E4E</string>
</dict>
</plist>
